<?xml version="1.0" encoding="UTF-8" standalone="yes" ?>
<CodeBlocks_project_file>
	<FileVersion major="1" minor="6" />
	<Project>
		<Option title="MyGoals" />
		<Option pch_mode="2" />
		<Option compiler="gcc" />
		<Build>
			<Target title="Debug">
				<Option output="bin/Debug/MyGoals" prefix_auto="1" extension_auto="1" />
				<Option object_output="obj/Debug/" />
				<Option type="1" />
				<Option compiler="gcc" />
				<Compiler>
					<Add option="-g" />
				</Compiler>
			</Target>
		</Build>
		<Compiler>
			<Add option="-Wall" />
			<Add option="-std=c++11" />
		</Compiler>
		<Unit filename="Aplication.cpp" />
		<Unit filename="Aplication.hpp" />
		<Unit filename="Day.cpp" />
		<Unit filename="Day.hpp" />
		<Unit filename="Goal.cpp" />
		<Unit filename="Goal.hpp" />
		<Unit filename="bin/main.cpp" />
		<Extensions>
			<code_completion />
			<envvars />
			<debugger />
			<lib_finder disable_auto="1" />
		</Extensions>
	</Project>
</CodeBlocks_project_file>
